
Microsoft Visual Studio Solution File, Format Version 12.00
# Visual Studio Version 17
VisualStudioVersion = 17.8.34330.188
MinimumVisualStudioVersion = 10.0.40219.1
Project("{FAE04EC0-301F-11D3-BF4B-00C04F79EFBC}") = "HungryThumper", "HungryThumper\HungryThumper.csproj", "{640815C5-0EE8-405B-8431-C1F6B1BA5B31}"
EndProject
Global
	GlobalSection(SolutionConfigurationPlatforms) = preSolution
		Debug|Any CPU = Debug|Any CPU
		Release|Any CPU = Release|Any CPU
	EndGlobalSection
	GlobalSection(ProjectConfigurationPlatforms) = postSolution
		{640815C5-0EE8-405B-8431-C1F6B1BA5B31}.Debug|Any CPU.ActiveCfg = Debug|Any CPU
		{640815C5-0EE8-405B-8431-C1F6B1BA5B31}.Debug|Any CPU.Build.0 = Debug|Any CPU
		{640815C5-0EE8-405B-8431-C1F6B1BA5B31}.Release|Any CPU.ActiveCfg = Release|Any CPU
		{640815C5-0EE8-405B-8431-C1F6B1BA5B31}.Release|Any CPU.Build.0 = Release|Any CPU
	EndGlobalSection
	GlobalSection(SolutionProperties) = preSolution
		HideSolutionNode = FALSE
	EndGlobalSection
	GlobalSection(ExtensibilityGlobals) = postSolution
		SolutionGuid = {01F952AB-6304-49D9-8C21-ED11D6348CD9}
	EndGlobalSection
EndGlobal
